PODS:
  - AdformTracking (1.3.3):
    - Protobuf (~> 3.1)
  - Protobuf (3.13.0)

DEPENDENCIES:
  - AdformTracking (~> 1.3.3)

SPEC REPOS:
  trunk:
    - AdformTracking
    - Protobuf

SPEC CHECKSUMS:
  AdformTracking: f23dc28600d44e844c8edef0caa71dc9af0048aa
  Protobuf: 3dac39b34a08151c6d949560efe3f86134a3f748

PODFILE CHECKSUM: be96f89e888f08f1591fa9dabca643b17949badb

COCOAPODS: 1.9.1
